<Solution>
  <Folder Name="/1. Core/">
    <Project Path="src/ProtoTest.Core/ProtoTest.Core.csproj" />
    <Project Path="src/ProtoTest.Http/ProtoTest.Http.csproj" />
    <Project Path="src/ProtoTest.Json/ProtoTest.Json.csproj" />
  </Folder>
  <Folder Name="/2. Integrations/">
    <Project Path="src/ProtoTest.AspNetCore/ProtoTest.AspNetCore.csproj" Id="dafd8b60-e20d-44cc-a746-68ec3136e256" />
    <Project Path="src/ProtoTest.Data/ProtoTest.Data.csproj" />
    <Project Path="src/ProtoTest.GraphQL/ProtoTest.GraphQL.csproj" Id="81af1d3a-d24c-465e-b1a0-ee742ca6bf6e" />
    <Project Path="src/ProtoTest.Grpc/ProtoTest.Grpc.csproj" Id="f13ed54f-e401-4cd6-ba89-efebd1861e89" />
    <Project Path="src/ProtoTest.Messaging/ProtoTest.Messaging.csproj" />
    <Project Path="src/ProtoTest.Messaging.RabbitMq/ProtoTest.Messaging.RabbitMq.csproj" />
    <Project Path="src/ProtoTest.Messaging.RabbitMq.Testcontainers/ProtoTest.Messaging.RabbitMq.Testcontainers.csproj" />
    <Project Path="src/ProtoTest.OpenApi/ProtoTest.OpenApi.csproj" Id="23cb63d4-b36b-4e43-a2c9-c53533307d85" />
    <Project Path="src/ProtoTest.OpenTelemetry/ProtoTest.OpenTelemetry.csproj" />
    <Project Path="src/ProtoTest.Reporting/ProtoTest.Reporting.csproj" Id="1ad73a64-19cd-4807-a0d4-283da87581f6" />
    <Project Path="src/ProtoTest.Rest/ProtoTest.Rest.csproj" Id="0161cd20-8be1-40f2-a3c0-76335a74ccd2" />
    <Project Path="src/ProtoTest.Sheets/ProtoTest.Sheets.csproj" />
    <Project Path="src/ProtoTest.Sql/ProtoTest.Sql.csproj" />
    <Project Path="src/ProtoTest.Sql.EntityFrameworkCore/ProtoTest.Sql.EntityFrameworkCore.csproj" />
    <Project Path="src/ProtoTest.Sql.Testcontainers/ProtoTest.Sql.Testcontainers.csproj" />
    <Project Path="src/ProtoTest.Testcontainers/ProtoTest.Testcontainers.csproj" />
    <Project Path="src/ProtoTest.Web/ProtoTest.Web.csproj" />
    <Project Path="src/ProtoTest.Web.Playwright/ProtoTest.Web.Playwright.csproj" />
    <Project Path="src/ProtoTest.Web.Selenium/ProtoTest.Web.Selenium.csproj" />
  </Folder>
  <Folder Name="/3. Adapters/">
    <Project Path="src/ProtoTest.MSTest/ProtoTest.MSTest.csproj" Id="f11a8aa9-96e0-42c5-9a62-c27b908d0c5e" />
    <Project Path="src/ProtoTest.NUnit/ProtoTest.NUnit.csproj" Id="fa911a2a-f4f3-42a3-b31b-e16d0a0b7af2" />
    <Project Path="src/ProtoTest.TUnit/ProtoTest.TUnit.csproj" Id="113b6e4d-6a02-4e5f-b733-55314788ee4e" />
    <Project Path="src/ProtoTest.Xunit/ProtoTest.Xunit.csproj" Id="307d9379-9985-4f21-8b88-49d2f1bd6abb" />
    <Project Path="src/ProtoTest.Xunit3/ProtoTest.Xunit3.csproj" Id="6f5a58c5-f062-46d2-88ee-d3f853fa8a5b" />
  </Folder>
  <Folder Name="/4. Tests/">
    <Project Path="tests/ProtoTest.AdapterContract/ProtoTest.AdapterContract.csproj" />
    <Project Path="tests/ProtoTest.Core.Tests/ProtoTest.Core.Tests.csproj" Id="5c324d8d-8d2d-40d2-a7ca-8c8c9defd042" />
    <Project Path="tests/ProtoTest.Http.Tests/ProtoTest.Http.Tests.csproj" />
    <Project Path="tests/ProtoTest.Json.Tests/ProtoTest.Json.Tests.csproj" />
    <Project Path="tests/ProtoTest.Messaging.Tests/ProtoTest.Messaging.Tests.csproj" />
    <Project Path="tests/ProtoTest.Messaging.RabbitMq.Tests/ProtoTest.Messaging.RabbitMq.Tests.csproj" />
    <Project Path="tests/ProtoTest.Sheets.Tests/ProtoTest.Sheets.Tests.csproj" />
  </Folder>
  <Folder Name="/4. Tests/Adapters/">
    <Project Path="tests/ProtoTest.MSTest.Tests/ProtoTest.MSTest.Tests.csproj" Id="46d67240-27b6-4460-a3d1-558336e41c9f" />
    <Project Path="tests/ProtoTest.NUnit.Tests/ProtoTest.NUnit.Tests.csproj" Id="9ef7170a-1eed-4a16-b6d1-23f4c62f1d05" />
    <Project Path="tests/ProtoTest.TUnit.Tests/ProtoTest.TUnit.Tests.csproj" Id="63bb53be-7578-4f88-bcf6-b0c420dbb1e1" />
    <Project Path="tests/ProtoTest.Xunit.Tests/ProtoTest.Xunit.Tests.csproj" Id="e6e507aa-df6c-438c-97b1-4297bab323de" />
    <Project Path="tests/ProtoTest.Xunit3.Tests/ProtoTest.Xunit3.Tests.csproj" Id="733750ce-a6f6-4fb7-8936-7e58c2ad76a5" />
  </Folder>
  <Folder Name="/4. Tests/Integrations/">
    <Project Path="tests/ProtoTest.AspNetCore.TestApi/ProtoTest.AspNetCore.TestApi.csproj" />
    <Project Path="tests/ProtoTest.AspNetCore.Tests/ProtoTest.AspNetCore.Tests.csproj" Id="8fe93cb3-774c-4dd1-a1c0-f3ad589708fe" />
    <Project Path="tests/ProtoTest.Data.Tests/ProtoTest.Data.Tests.csproj" />
    <Project Path="tests/ProtoTest.GraphQL.Tests/ProtoTest.GraphQL.Tests.csproj" />
    <Project Path="tests/ProtoTest.Grpc.Tests/ProtoTest.Grpc.Tests.csproj" />
    <Project Path="tests/ProtoTest.OpenApi.Tests/ProtoTest.OpenApi.Tests.csproj" Id="4d4c7e56-9c4e-4193-b73e-64b067c9268b" />
    <Project Path="tests/ProtoTest.OpenTelemetry.Tests/ProtoTest.OpenTelemetry.Tests.csproj" />
    <Project Path="tests/ProtoTest.Reporting.Tests/ProtoTest.Reporting.Tests.csproj" />
    <Project Path="tests/ProtoTest.Rest.Tests/ProtoTest.Rest.Tests.csproj" Id="da8c0737-a839-4f92-a4c2-f9bdecd6c96b" />
    <Project Path="tests/ProtoTest.SampleApp.Domain.Tests/ProtoTest.SampleApp.Domain.Tests.csproj" />
    <Project Path="tests/ProtoTest.Sql.Tests/ProtoTest.Sql.Tests.csproj" />
    <Project Path="tests/ProtoTest.Web.Tests/ProtoTest.Web.Tests.csproj" />
  </Folder>
  <Folder Name="/5. Demo/">
    <Project Path="samples/ProtoTest.Demo/ProtoTest.Demo.csproj" />
  </Folder>
  <Folder Name="/5. Demo/Supporting projects/">
    <Project Path="samples/ProtoTest.SampleApp.Contracts/ProtoTest.SampleApp.Contracts.csproj" />
    <Project Path="samples/ProtoTest.SampleApp.Domain/ProtoTest.SampleApp.Domain.csproj" />
    <Project Path="samples/ProtoTest.SampleApp.Testing/ProtoTest.SampleApp.Testing.csproj" />
    <Project Path="samples/ProtoTest.SampleApp/ProtoTest.SampleApp.csproj" />
  </Folder>
</Solution>
